
Microsoft Visual Studio Solution File, Format Version 12.00
Project("{2150E333-8FDC-42A3-9474-1A3956D46DE8}") = "Commons", "Commons", "{1D7F27CD-6EBD-4252-99E8-A565776D5796}"
EndProject
Project("{2150E333-8FDC-42A3-9474-1A3956D46DE8}") = "Tools", "Tools", "{071F87BA-AF7F-46B7-8850-5E641082DC9B}"
EndProject
Project("{2150E333-8FDC-42A3-9474-1A3956D46DE8}") = "Servers", "Servers", "{810CABE5-1608-40FF-9CA0-83AD353509EB}"
EndProject
Project("{2150E333-8FDC-42A3-9474-1A3956D46DE8}") = "Login", "Login", "{FDAB717B-37F1-4106-988B-87B90DC7F40C}"
EndProject
Project("{2150E333-8FDC-42A3-9474-1A3956D46DE8}") = "Game", "Game", "{8E36935B-E2FD-4EED-B9DF-916BE559548B}"
EndProject
Project("{FAE04EC0-301F-11D3-BF4B-00C04F79EFBC}") = "LoginServer", "LoginServer\LoginServer.csproj", "{C58230BD-441A-43B3-97BD-A5F8D7D4CBD9}"
EndProject
Project("{FAE04EC0-301F-11D3-BF4B-00C04F79EFBC}") = "GameServer", "GameServer\GameServer.csproj", "{6F60A7F9-F9E4-47A4-9E15-E1478CAFFC01}"
EndProject
Project("{FAE04EC0-301F-11D3-BF4B-00C04F79EFBC}") = "GameServer.DataAccess", "GameServer.DataAccess\GameServer.DataAccess.csproj", "{CFD13C40-1B4C-46E6-8157-DF140BCA3435}"
EndProject
Project("{FAE04EC0-301F-11D3-BF4B-00C04F79EFBC}") = "LoginServer.DataAccess", "LoginServer.DataAccess\LoginServer.DataAccess.csproj", "{B292997E-DDB9-44F0-A384-24982270B3BD}"
EndProject
Project("{FAE04EC0-301F-11D3-BF4B-00C04F79EFBC}") = "Common.Cryptography", "Common.Cryptography\Common.Cryptography.csproj", "{0C621B24-A092-4559-8FAB-8E70E41C6627}"
EndProject
Project("{FAE04EC0-301F-11D3-BF4B-00C04F79EFBC}") = "Common.Network", "Common.Network\Common.Network.csproj", "{D868B854-5BD6-4339-84C0-23691970AEA8}"
EndProject
Project("{FAE04EC0-301F-11D3-BF4B-00C04F79EFBC}") = "Common.Utility", "Common.Utility\Common.Utility.csproj", "{0358D3A0-531C-4156-9B24-19B32CB2F546}"
EndProject
Global
	GlobalSection(SolutionConfigurationPlatforms) = preSolution
		Debug|Any CPU = Debug|Any CPU
		Release|Any CPU = Release|Any CPU
	EndGlobalSection
	GlobalSection(NestedProjects) = preSolution
		{FDAB717B-37F1-4106-988B-87B90DC7F40C} = {810CABE5-1608-40FF-9CA0-83AD353509EB}
		{8E36935B-E2FD-4EED-B9DF-916BE559548B} = {810CABE5-1608-40FF-9CA0-83AD353509EB}
		{C58230BD-441A-43B3-97BD-A5F8D7D4CBD9} = {FDAB717B-37F1-4106-988B-87B90DC7F40C}
		{6F60A7F9-F9E4-47A4-9E15-E1478CAFFC01} = {8E36935B-E2FD-4EED-B9DF-916BE559548B}
		{CFD13C40-1B4C-46E6-8157-DF140BCA3435} = {8E36935B-E2FD-4EED-B9DF-916BE559548B}
		{B292997E-DDB9-44F0-A384-24982270B3BD} = {FDAB717B-37F1-4106-988B-87B90DC7F40C}
		{0C621B24-A092-4559-8FAB-8E70E41C6627} = {1D7F27CD-6EBD-4252-99E8-A565776D5796}
		{D868B854-5BD6-4339-84C0-23691970AEA8} = {1D7F27CD-6EBD-4252-99E8-A565776D5796}
		{0358D3A0-531C-4156-9B24-19B32CB2F546} = {1D7F27CD-6EBD-4252-99E8-A565776D5796}
	EndGlobalSection
	GlobalSection(ProjectConfigurationPlatforms) = postSolution
		{C58230BD-441A-43B3-97BD-A5F8D7D4CBD9}.Debug|Any CPU.ActiveCfg = Debug|Any CPU
		{C58230BD-441A-43B3-97BD-A5F8D7D4CBD9}.Debug|Any CPU.Build.0 = Debug|Any CPU
		{C58230BD-441A-43B3-97BD-A5F8D7D4CBD9}.Release|Any CPU.ActiveCfg = Release|Any CPU
		{C58230BD-441A-43B3-97BD-A5F8D7D4CBD9}.Release|Any CPU.Build.0 = Release|Any CPU
		{6F60A7F9-F9E4-47A4-9E15-E1478CAFFC01}.Debug|Any CPU.ActiveCfg = Debug|Any CPU
		{6F60A7F9-F9E4-47A4-9E15-E1478CAFFC01}.Debug|Any CPU.Build.0 = Debug|Any CPU
		{6F60A7F9-F9E4-47A4-9E15-E1478CAFFC01}.Release|Any CPU.ActiveCfg = Release|Any CPU
		{6F60A7F9-F9E4-47A4-9E15-E1478CAFFC01}.Release|Any CPU.Build.0 = Release|Any CPU
		{CFD13C40-1B4C-46E6-8157-DF140BCA3435}.Debug|Any CPU.ActiveCfg = Debug|Any CPU
		{CFD13C40-1B4C-46E6-8157-DF140BCA3435}.Debug|Any CPU.Build.0 = Debug|Any CPU
		{CFD13C40-1B4C-46E6-8157-DF140BCA3435}.Release|Any CPU.ActiveCfg = Release|Any CPU
		{CFD13C40-1B4C-46E6-8157-DF140BCA3435}.Release|Any CPU.Build.0 = Release|Any CPU
		{B292997E-DDB9-44F0-A384-24982270B3BD}.Debug|Any CPU.ActiveCfg = Debug|Any CPU
		{B292997E-DDB9-44F0-A384-24982270B3BD}.Debug|Any CPU.Build.0 = Debug|Any CPU
		{B292997E-DDB9-44F0-A384-24982270B3BD}.Release|Any CPU.ActiveCfg = Release|Any CPU
		{B292997E-DDB9-44F0-A384-24982270B3BD}.Release|Any CPU.Build.0 = Release|Any CPU
		{0C621B24-A092-4559-8FAB-8E70E41C6627}.Debug|Any CPU.ActiveCfg = Debug|Any CPU
		{0C621B24-A092-4559-8FAB-8E70E41C6627}.Debug|Any CPU.Build.0 = Debug|Any CPU
		{0C621B24-A092-4559-8FAB-8E70E41C6627}.Release|Any CPU.ActiveCfg = Release|Any CPU
		{0C621B24-A092-4559-8FAB-8E70E41C6627}.Release|Any CPU.Build.0 = Release|Any CPU
		{D868B854-5BD6-4339-84C0-23691970AEA8}.Debug|Any CPU.ActiveCfg = Debug|Any CPU
		{D868B854-5BD6-4339-84C0-23691970AEA8}.Debug|Any CPU.Build.0 = Debug|Any CPU
		{D868B854-5BD6-4339-84C0-23691970AEA8}.Release|Any CPU.ActiveCfg = Release|Any CPU
		{D868B854-5BD6-4339-84C0-23691970AEA8}.Release|Any CPU.Build.0 = Release|Any CPU
		{0358D3A0-531C-4156-9B24-19B32CB2F546}.Debug|Any CPU.ActiveCfg = Debug|Any CPU
		{0358D3A0-531C-4156-9B24-19B32CB2F546}.Debug|Any CPU.Build.0 = Debug|Any CPU
		{0358D3A0-531C-4156-9B24-19B32CB2F546}.Release|Any CPU.ActiveCfg = Release|Any CPU
		{0358D3A0-531C-4156-9B24-19B32CB2F546}.Release|Any CPU.Build.0 = Release|Any CPU
	EndGlobalSection
EndGlobal
